
Microsoft Visual Studio Solution File, Format Version 12.00
# Visual Studio Version 16
VisualStudioVersion = 16.0.809.9
MinimumVisualStudioVersion = 10.0.40219.1
Project("{FAE04EC0-301F-11D3-BF4B-00C04F79EFBC}") = "InvoiceManagerMVC", "InvoiceManagerMVC\InvoiceManagerMVC.csproj", "{F4DCFE58-73EC-4AC7-A041-66BBBAACD306}"
EndProject
Global
	GlobalSection(SolutionConfigurationPlatforms) = preSolution
		Debug|Any CPU = Debug|Any CPU
		Release|Any CPU = Release|Any CPU
	EndGlobalSection
	GlobalSection(ProjectConfigurationPlatforms) = postSolution
		{F4DCFE58-73EC-4AC7-A041-66BBBAACD306}.Debug|Any CPU.ActiveCfg = Debug|Any CPU
		{F4DCFE58-73EC-4AC7-A041-66BBBAACD306}.Debug|Any CPU.Build.0 = Debug|Any CPU
		{F4DCFE58-73EC-4AC7-A041-66BBBAACD306}.Release|Any CPU.ActiveCfg = Release|Any CPU
		{F4DCFE58-73EC-4AC7-A041-66BBBAACD306}.Release|Any CPU.Build.0 = Release|Any CPU
	EndGlobalSection
	GlobalSection(SolutionProperties) = preSolution
		HideSolutionNode = FALSE
	EndGlobalSection
	GlobalSection(ExtensibilityGlobals) = postSolution
		SolutionGuid = {4577A476-F9D7-4A26-9BAB-3B3EC2C81E3F}
	EndGlobalSection
	GlobalSection(MonoDevelopProperties) = preSolution
		Policies = $0
		$0.VersionControlPolicy = $1
	EndGlobalSection
EndGlobal
